
Microsoft Visual Studio Solution File, Format Version 12.00
# Visual Studio Version 16
VisualStudioVersion = 16.0.30114.105
MinimumVisualStudioVersion = 10.0.40219.1
Project("{FAE04EC0-301F-11D3-BF4B-00C04F79EFBC}") = "Map", "Map\Map.csproj", "{24A841F1-4348-46CC-A2E1-2FB2CD9E552F}"
EndProject
Global
	GlobalSection(SolutionConfigurationPlatforms) = preSolution
		Debug|Any CPU = Debug|Any CPU
		Release|Any CPU = Release|Any CPU
	EndGlobalSection
	GlobalSection(ProjectConfigurationPlatforms) = postSolution
		{24A841F1-4348-46CC-A2E1-2FB2CD9E552F}.Debug|Any CPU.ActiveCfg = Debug|Any CPU
		{24A841F1-4348-46CC-A2E1-2FB2CD9E552F}.Debug|Any CPU.Build.0 = Debug|Any CPU
		{24A841F1-4348-46CC-A2E1-2FB2CD9E552F}.Release|Any CPU.ActiveCfg = Release|Any CPU
		{24A841F1-4348-46CC-A2E1-2FB2CD9E552F}.Release|Any CPU.Build.0 = Release|Any CPU
	EndGlobalSection
	GlobalSection(SolutionProperties) = preSolution
		HideSolutionNode = FALSE
	EndGlobalSection
	GlobalSection(ExtensibilityGlobals) = postSolution
		SolutionGuid = {35231B96-1F8F-4C9C-95D4-D89E2D1F7F91}
	EndGlobalSection
EndGlobal
